// !$*UTF8*$!
{
	archiveVersion = 1;
	classes = {
	};
	objectVersion = 55;
	objects = {

/* Begin PBXBuildFile section */
		417AB0B527BE324700DA83D3 /* AppDelegate.swift in Sources */ = {isa = PBXBuildFile; fileRef = 417AB0B427BE324700DA83D3 /* AppDelegate.swift */; };
		417AB0B727BE324700DA83D3 /* SceneDelegate.swift in Sources */ = {isa = PBXBuildFile; fileRef = 417AB0B627BE324700DA83D3 /* SceneDelegate.swift */; };
		417AB0B927BE324700DA83D3 /* ConversationsViewController.swift in Sources */ = {isa = PBXBuildFile; fileRef = 417AB0B827BE324700DA83D3 /* ConversationsViewController.swift */; };
		417AB0BC27BE324700DA83D3 /* Main.storyboard in Resources */ = {isa = PBXBuildFile; fileRef = 417AB0BA27BE324700DA83D3 /* Main.storyboard */; };
		417AB0BE27BE324800DA83D3 /* Assets.xcassets in Resources */ = {isa = PBXBuildFile; fileRef = 417AB0BD27BE324800DA83D3 /* Assets.xcassets */; };
		417AB0C127BE324800DA83D3 /* LaunchScreen.storyboard in Resources */ = {isa = PBXBuildFile; fileRef = 417AB0BF27BE324800DA83D3 /* LaunchScreen.storyboard */; };
		417AB0CF27BE35D000DA83D3 /* LoginViewController.swift in Sources */ = {isa = PBXBuildFile; fileRef = 417AB0CE27BE35D000DA83D3 /* LoginViewController.swift */; };
		417AB0D127BE360300DA83D3 /* RegisterViewController.swift in Sources */ = {isa = PBXBuildFile; fileRef = 417AB0D027BE360300DA83D3 /* RegisterViewController.swift */; };
		417AB0D327BE361A00DA83D3 /* PhotoViewerViewController.swift in Sources */ = {isa = PBXBuildFile; fileRef = 417AB0D227BE361A00DA83D3 /* PhotoViewerViewController.swift */; };
		417AB0D527BE363200DA83D3 /* VideoPlayerViewController.swift in Sources */ = {isa = PBXBuildFile; fileRef = 417AB0D427BE363200DA83D3 /* VideoPlayerViewController.swift */; };
		417AB0D727BE364000DA83D3 /* NewConversationViewController.swift in Sources */ = {isa = PBXBuildFile; fileRef = 417AB0D627BE364000DA83D3 /* NewConversationViewController.swift */; };
		417AB0D927BE366300DA83D3 /* ProfileViewController.swift in Sources */ = {isa = PBXBuildFile; fileRef = 417AB0D827BE366300DA83D3 /* ProfileViewController.swift */; };
/* End PBXBuildFile section */

/* Begin PBXFileReference section */
		417AB0B127BE324700DA83D3 /* Chat Family.app */ = {isa = PBXFileReference; explicitFileType = wrapper.application; includeInIndex = 0; path = "Chat Family.app"; sourceTree = BUILT_PRODUCTS_DIR; };
		417AB0B427BE324700DA83D3 /* AppDelegate.swift */ = {isa = PBXFileReference; lastKnownFileType = sourcecode.swift; path = AppDelegate.swift; sourceTree = "<group>"; };
		417AB0B627BE324700DA83D3 /* SceneDelegate.swift */ = {isa = PBXFileReference; lastKnownFileType = sourcecode.swift; path = SceneDelegate.swift; sourceTree = "<group>"; };
		417AB0B827BE324700DA83D3 /* ConversationsViewController.swift */ = {isa = PBXFileReference; lastKnownFileType = sourcecode.swift; path = ConversationsViewController.swift; sourceTree = "<group>"; };
		417AB0BB27BE324700DA83D3 /* Base */ = {isa = PBXFileReference; lastKnownFileType = file.storyboard; name = Base; path = Base.lproj/Main.storyboard; sourceTree = "<group>"; };
		417AB0BD27BE324800DA83D3 /* Assets.xcassets */ = {isa = PBXFileReference; lastKnownFileType = folder.assetcatalog; path = Assets.xcassets; sourceTree = "<group>"; };
		417AB0C027BE324800DA83D3 /* Base */ = {isa = PBXFileReference; lastKnownFileType = file.storyboard; name = Base; path = Base.lproj/LaunchScreen.storyboard; sourceTree = "<group>"; };
		417AB0C227BE324800DA83D3 /* Info.plist */ = {isa = PBXFileReference; lastKnownFileType = text.plist.xml; path = Info.plist; sourceTree = "<group>"; };
		417AB0CE27BE35D000DA83D3 /* LoginViewController.swift */ = {isa = PBXFileReference; lastKnownFileType = sourcecode.swift; path = LoginViewController.swift; sourceTree = "<group>"; };
		417AB0D027BE360300DA83D3 /* RegisterViewController.swift */ = {isa = PBXFileReference; lastKnownFileType = sourcecode.swift; path = RegisterViewController.swift; sourceTree = "<group>"; };
		417AB0D227BE361A00DA83D3 /* PhotoViewerViewController.swift */ = {isa = PBXFileReference; lastKnownFileType = sourcecode.swift; path = PhotoViewerViewController.swift; sourceTree = "<group>"; };
		417AB0D427BE363200DA83D3 /* VideoPlayerViewController.swift */ = {isa = PBXFileReference; lastKnownFileType = sourcecode.swift; path = VideoPlayerViewController.swift; sourceTree = "<group>"; };
		417AB0D627BE364000DA83D3 /* NewConversationViewController.swift */ = {isa = PBXFileReference; lastKnownFileType = sourcecode.swift; path = NewConversationViewController.swift; sourceTree = "<group>"; };
		417AB0D827BE366300DA83D3 /* ProfileViewController.swift */ = {isa = PBXFileReference; lastKnownFileType = sourcecode.swift; path = ProfileViewController.swift; sourceTree = "<group>"; };
/* End PBXFileReference section */

/* Begin PBXFrameworksBuildPhase section */
		417AB0AE27BE324700DA83D3 /* Frameworks */ = {
			isa = PBXFrameworksBuildPhase;
			buildActionMask = 2147483647;
			files = (
			);
			runOnlyForDeploymentPostprocessing = 0;
		};
/* End PBXFrameworksBuildPhase section */

/* Begin PBXGroup section */
		417AB0A827BE324700DA83D3 = {
			isa = PBXGroup;
			children = (
				417AB0B327BE324700DA83D3 /* Chat Family */,
				417AB0B227BE324700DA83D3 /* Products */,
			);
			sourceTree = "<group>";
		};
		417AB0B227BE324700DA83D3 /* Products */ = {
			isa = PBXGroup;
			children = (
				417AB0B127BE324700DA83D3 /* Chat Family.app */,
			);
			name = Products;
			sourceTree = "<group>";
		};
		417AB0B327BE324700DA83D3 /* Chat Family */ = {
			isa = PBXGroup;
			children = (
				417AB0CC27BE342700DA83D3 /* Resources */,
				417AB0CB27BE341400DA83D3 /* ViewModels */,
				417AB0CA27BE340F00DA83D3 /* Models */,
				417AB0C927BE340A00DA83D3 /* Views */,
				417AB0C827BE33FD00DA83D3 /* Controllers */,
				417AB0C227BE324800DA83D3 /* Info.plist */,
			);
			path = "Chat Family";
			sourceTree = "<group>";
		};
		417AB0C827BE33FD00DA83D3 /* Controllers */ = {
			isa = PBXGroup;
			children = (
				417AB0B827BE324700DA83D3 /* ConversationsViewController.swift */,
				417AB0CE27BE35D000DA83D3 /* LoginViewController.swift */,
				417AB0D027BE360300DA83D3 /* RegisterViewController.swift */,
				417AB0D227BE361A00DA83D3 /* PhotoViewerViewController.swift */,
				417AB0D427BE363200DA83D3 /* VideoPlayerViewController.swift */,
				417AB0D627BE364000DA83D3 /* NewConversationViewController.swift */,
				417AB0D827BE366300DA83D3 /* ProfileViewController.swift */,
			);
			path = Controllers;
			sourceTree = "<group>";
		};
		417AB0C927BE340A00DA83D3 /* Views */ = {
			isa = PBXGroup;
			children = (
				417AB0CD27BE347300DA83D3 /* Storyboards */,
				417AB0BD27BE324800DA83D3 /* Assets.xcassets */,
			);
			path = Views;
			sourceTree = "<group>";
		};
		417AB0CA27BE340F00DA83D3 /* Models */ = {
			isa = PBXGroup;
			children = (
			);
			path = Models;
			sourceTree = "<group>";
		};
		417AB0CB27BE341400DA83D3 /* ViewModels */ = {
			isa = PBXGroup;
			children = (
			);
			path = ViewModels;
			sourceTree = "<group>";
		};
		417AB0CC27BE342700DA83D3 /* Resources */ = {
			isa = PBXGroup;
			children = (
				417AB0B427BE324700DA83D3 /* AppDelegate.swift */,
				417AB0B627BE324700DA83D3 /* SceneDelegate.swift */,
			);
			path = Resources;
			sourceTree = "<group>";
		};
		417AB0CD27BE347300DA83D3 /* Storyboards */ = {
			isa = PBXGroup;
			children = (
				417AB0BA27BE324700DA83D3 /* Main.storyboard */,
				417AB0BF27BE324800DA83D3 /* LaunchScreen.storyboard */,
			);
			path = Storyboards;
			sourceTree = "<group>";
		};
/* End PBXGroup section */

/* Begin PBXNativeTarget section */
		417AB0B027BE324700DA83D3 /* Chat Family */ = {
			isa = PBXNativeTarget;
			buildConfigurationList = 417AB0C527BE324800DA83D3 /* Build configuration list for PBXNativeTarget "Chat Family" */;
			buildPhases = (
				417AB0AD27BE324700DA83D3 /* Sources */,
				417AB0AE27BE324700DA83D3 /* Frameworks */,
				417AB0AF27BE324700DA83D3 /* Resources */,
			);
			buildRules = (
			);
			dependencies = (
			);
			name = "Chat Family";
			productName = "Chat Family";
			productReference = 417AB0B127BE324700DA83D3 /* Chat Family.app */;
			productType = "com.apple.product-type.application";
		};
/* End PBXNativeTarget section */

/* Begin PBXProject section */
		417AB0A927BE324700DA83D3 /* Project object */ = {
			isa = PBXProject;
			attributes = {
				BuildIndependentTargetsInParallel = 1;
				LastSwiftUpdateCheck = 1310;
				LastUpgradeCheck = 1310;
				TargetAttributes = {
					417AB0B027BE324700DA83D3 = {
						CreatedOnToolsVersion = 13.1;
					};
				};
			};
			buildConfigurationList = 417AB0AC27BE324700DA83D3 /* Build configuration list for PBXProject "Chat Family" */;
			compatibilityVersion = "Xcode 13.0";
			developmentRegion = en;
			hasScannedForEncodings = 0;
			knownRegions = (
				en,
				Base,
			);
			mainGroup = 417AB0A827BE324700DA83D3;
			productRefGroup = 417AB0B227BE324700DA83D3 /* Products */;
			projectDirPath = "";
			projectRoot = "";
			targets = (
				417AB0B027BE324700DA83D3 /* Chat Family */,
			);
		};
/* End PBXProject section */

/* Begin PBXResourcesBuildPhase section */
		417AB0AF27BE324700DA83D3 /* Resources */ = {
			isa = PBXResourcesBuildPhase;
			buildActionMask = 2147483647;
			files = (
				417AB0C127BE324800DA83D3 /* LaunchScreen.storyboard in Resources */,
				417AB0BE27BE324800DA83D3 /* Assets.xcassets in Resources */,
				417AB0BC27BE324700DA83D3 /* Main.storyboard in Resources */,
			);
			runOnlyForDeploymentPostprocessing = 0;
		};
/* End PBXResourcesBuildPhase section */

/* Begin PBXSourcesBuildPhase section */
		417AB0AD27BE324700DA83D3 /* Sources */ = {
			isa = PBXSourcesBuildPhase;
			buildActionMask = 2147483647;
			files = (
				417AB0CF27BE35D000DA83D3 /* LoginViewController.swift in Sources */,
				417AB0D127BE360300DA83D3 /* RegisterViewController.swift in Sources */,
				417AB0D727BE364000DA83D3 /* NewConversationViewController.swift in Sources */,
				417AB0B927BE324700DA83D3 /* ConversationsViewController.swift in Sources */,
				417AB0D527BE363200DA83D3 /* VideoPlayerViewController.swift in Sources */,
				417AB0B527BE324700DA83D3 /* AppDelegate.swift in Sources */,
				417AB0D927BE366300DA83D3 /* ProfileViewController.swift in Sources */,
				417AB0B727BE324700DA83D3 /* SceneDelegate.swift in Sources */,
				417AB0D327BE361A00DA83D3 /* PhotoViewerViewController.swift in Sources */,
			);
			runOnlyForDeploymentPostprocessing = 0;
		};
/* End PBXSourcesBuildPhase section */

/* Begin PBXVariantGroup section */
		417AB0BA27BE324700DA83D3 /* Main.storyboard */ = {
			isa = PBXVariantGroup;
			children = (
				417AB0BB27BE324700DA83D3 /* Base */,
			);
			name = Main.storyboard;
			sourceTree = "<group>";
		};
		417AB0BF27BE324800DA83D3 /* LaunchScreen.storyboard */ = {
			isa = PBXVariantGroup;
			children = (
				417AB0C027BE324800DA83D3 /* Base */,
			);
			name = LaunchScreen.storyboard;
			sourceTree = "<group>";
		};
/* End PBXVariantGroup section */

/* Begin XCBuildConfiguration section */
		417AB0C327BE324800DA83D3 /* Debug */ = {
			isa = XCBuildConfiguration;
			buildSettings = {
				ALWAYS_SEARCH_USER_PATHS = NO;
				CLANG_ANALYZER_NONNULL = YES;
				CLANG_ANALYZER_NUMBER_OBJECT_CONVERSION = YES_AGGRESSIVE;
				CLANG_CXX_LANGUAGE_STANDARD = "gnu++17";
				CLANG_CXX_LIBRARY = "libc++";
				CLANG_ENABLE_MODULES = YES;
				CLANG_ENABLE_OBJC_ARC = YES;
				CLANG_ENABLE_OBJC_WEAK = YES;
				CLANG_WARN_BLOCK_CAPTURE_AUTORELEASING = YES;
				CLANG_WARN_BOOL_CONVERSION = YES;
				CLANG_WARN_COMMA = YES;
				CLANG_WARN_CONSTANT_CONVERSION = YES;
				CLANG_WARN_DEPRECATED_OBJC_IMPLEMENTATIONS = YES;
				CLANG_WARN_DIRECT_OBJC_ISA_USAGE = YES_ERROR;
				CLANG_WARN_DOCUMENTATION_COMMENTS = YES;
				CLANG_WARN_EMPTY_BODY = YES;
				CLANG_WARN_ENUM_CONVERSION = YES;
				CLANG_WARN_INFINITE_RECURSION = YES;
				CLANG_WARN_INT_CONVERSION = YES;
				CLANG_WARN_NON_LITERAL_NULL_CONVERSION = YES;
				CLANG_WARN_OBJC_IMPLICIT_RETAIN_SELF = YES;
				CLANG_WARN_OBJC_LITERAL_CONVERSION = YES;
				CLANG_WARN_OBJC_ROOT_CLASS = YES_ERROR;
				CLANG_WARN_QUOTED_INCLUDE_IN_FRAMEWORK_HEADER = YES;
				CLANG_WARN_RANGE_LOOP_ANALYSIS = YES;
				CLANG_WARN_STRICT_PROTOTYPES = YES;
				CLANG_WARN_SUSPICIOUS_MOVE = YES;
				CLANG_WARN_UNGUARDED_AVAILABILITY = YES_AGGRESSIVE;
				CLANG_WARN_UNREACHABLE_CODE = YES;
				CLANG_WARN__DUPLICATE_METHOD_MATCH = YES;
				COPY_PHASE_STRIP = NO;
				DEBUG_INFORMATION_FORMAT = dwarf;
				ENABLE_STRICT_OBJC_MSGSEND = YES;
				ENABLE_TESTABILITY = YES;
				GCC_C_LANGUAGE_STANDARD = gnu11;
				GCC_DYNAMIC_NO_PIC = NO;
				GCC_NO_COMMON_BLOCKS = YES;
				GCC_OPTIMIZATION_LEVEL = 0;
				GCC_PREPROCESSOR_DEFINITIONS = (
					"DEBUG=1",
					"$(inherited)",
				);
				GCC_WARN_64_TO_32_BIT_CONVERSION = YES;
				GCC_WARN_ABOUT_RETURN_TYPE = YES_ERROR;
				GCC_WARN_UNDECLARED_SELECTOR = YES;
				GCC_WARN_UNINITIALIZED_AUTOS = YES_AGGRESSIVE;
				GCC_WARN_UNUSED_FUNCTION = YES;
				GCC_WARN_UNUSED_VARIABLE = YES;
				IPHONEOS_DEPLOYMENT_TARGET = 15.0;
				MTL_ENABLE_DEBUG_INFO = INCLUDE_SOURCE;
				MTL_FAST_MATH = YES;
				ONLY_ACTIVE_ARCH = YES;
				SDKROOT = iphoneos;
				SWIFT_ACTIVE_COMPILATION_CONDITIONS = DEBUG;
				SWIFT_OPTIMIZATION_LEVEL = "-Onone";
			};
			name = Debug;
		};
		417AB0C427BE324800DA83D3 /* Release */ = {
			isa = XCBuildConfiguration;
			buildSettings = {
				ALWAYS_SEARCH_USER_PATHS = NO;
				CLANG_ANALYZER_NONNULL = YES;
				CLANG_ANALYZER_NUMBER_OBJECT_CONVERSION = YES_AGGRESSIVE;
				CLANG_CXX_LANGUAGE_STANDARD = "gnu++17";
				CLANG_CXX_LIBRARY = "libc++";
				CLANG_ENABLE_MODULES = YES;
				CLANG_ENABLE_OBJC_ARC = YES;
				CLANG_ENABLE_OBJC_WEAK = YES;
				CLANG_WARN_BLOCK_CAPTURE_AUTORELEASING = YES;
				CLANG_WARN_BOOL_CONVERSION = YES;
				CLANG_WARN_COMMA = YES;
				CLANG_WARN_CONSTANT_CONVERSION = YES;
				CLANG_WARN_DEPRECATED_OBJC_IMPLEMENTATIONS = YES;
				CLANG_WARN_DIRECT_OBJC_ISA_USAGE = YES_ERROR;
				CLANG_WARN_DOCUMENTATION_COMMENTS = YES;
				CLANG_WARN_EMPTY_BODY = YES;
				CLANG_WARN_ENUM_CONVERSION = YES;
				CLANG_WARN_INFINITE_RECURSION = YES;
				CLANG_WARN_INT_CONVERSION = YES;
				CLANG_WARN_NON_LITERAL_NULL_CONVERSION = YES;
				CLANG_WARN_OBJC_IMPLICIT_RETAIN_SELF = YES;
				CLANG_WARN_OBJC_LITERAL_CONVERSION = YES;
				CLANG_WARN_OBJC_ROOT_CLASS = YES_ERROR;
				CLANG_WARN_QUOTED_INCLUDE_IN_FRAMEWORK_HEADER = YES;
				CLANG_WARN_RANGE_LOOP_ANALYSIS = YES;
				CLANG_WARN_STRICT_PROTOTYPES = YES;
				CLANG_WARN_SUSPICIOUS_MOVE = YES;
				CLANG_WARN_UNGUARDED_AVAILABILITY = YES_AGGRESSIVE;
				CLANG_WARN_UNREACHABLE_CODE = YES;
				CLANG_WARN__DUPLICATE_METHOD_MATCH = YES;
				COPY_PHASE_STRIP = NO;
				DEBUG_INFORMATION_FORMAT = "dwarf-with-dsym";
				ENABLE_NS_ASSERTIONS = NO;
				ENABLE_STRICT_OBJC_MSGSEND = YES;
				GCC_C_LANGUAGE_STANDARD = gnu11;
				GCC_NO_COMMON_BLOCKS = YES;
				GCC_WARN_64_TO_32_BIT_CONVERSION = YES;
				GCC_WARN_ABOUT_RETURN_TYPE = YES_ERROR;
				GCC_WARN_UNDECLARED_SELECTOR = YES;
				GCC_WARN_UNINITIALIZED_AUTOS = YES_AGGRESSIVE;
				GCC_WARN_UNUSED_FUNCTION = YES;
				GCC_WARN_UNUSED_VARIABLE = YES;
				IPHONEOS_DEPLOYMENT_TARGET = 15.0;
				MTL_ENABLE_DEBUG_INFO = NO;
				MTL_FAST_MATH = YES;
				SDKROOT = iphoneos;
				SWIFT_COMPILATION_MODE = wholemodule;
				SWIFT_OPTIMIZATION_LEVEL = "-O";
				VALIDATE_PRODUCT = YES;
			};
			name = Release;
		};
		417AB0C627BE324800DA83D3 /* Debug */ = {
			isa = XCBuildConfiguration;
			buildSettings = {
				ASSETCATALOG_COMPILER_APPICON_NAME = AppIcon;
				ASSETCATALOG_COMPILER_GLOBAL_ACCENT_COLOR_NAME = AccentColor;
				CODE_SIGN_STYLE = Automatic;
				CURRENT_PROJECT_VERSION = 1;
				DEVELOPMENT_TEAM = 3WQ9VH7FBP;
				GENERATE_INFOPLIST_FILE = YES;
				INFOPLIST_FILE = "Chat Family/Info.plist";
				INFOPLIST_KEY_UIApplicationSupportsIndirectInputEvents = YES;
				INFOPLIST_KEY_UILaunchStoryboardName = LaunchScreen;
				INFOPLIST_KEY_UIMainStoryboardFile = Main;
				INFOPLIST_KEY_UISupportedInterfaceOrientations = UIInterfaceOrientationPortrait;
				INFOPLIST_KEY_UISupportedInterfaceOrientations_iPad = "UIInterfaceOrientationPortrait UIInterfaceOrientationPortraitUpsideDown UIInterfaceOrientationLandscapeLeft UIInterfaceOrientationLandscapeRight";
				INFOPLIST_KEY_UISupportedInterfaceOrientations_iPhone = "UIInterfaceOrientationPortrait UIInterfaceOrientationLandscapeLeft UIInterfaceOrientationLandscapeRight";
				IPHONEOS_DEPLOYMENT_TARGET = 15.0;
				LD_RUNPATH_SEARCH_PATHS = (
					"$(inherited)",
					"@executable_path/Frameworks",
				);
				MARKETING_VERSION = 1.0;
				PRODUCT_BUNDLE_IDENTIFIER = "com.kaiser.Chat-Family";
				PRODUCT_NAME = "$(TARGET_NAME)";
				SWIFT_EMIT_LOC_STRINGS = YES;
				SWIFT_VERSION = 5.0;
				TARGETED_DEVICE_FAMILY = "1,2";
			};
			name = Debug;
		};
		417AB0C727BE324800DA83D3 /* Release */ = {
			isa = XCBuildConfiguration;
			buildSettings = {
				ASSETCATALOG_COMPILER_APPICON_NAME = AppIcon;
				ASSETCATALOG_COMPILER_GLOBAL_ACCENT_COLOR_NAME = AccentColor;
				CODE_SIGN_STYLE = Automatic;
				CURRENT_PROJECT_VERSION = 1;
				DEVELOPMENT_TEAM = 3WQ9VH7FBP;
				GENERATE_INFOPLIST_FILE = YES;
				INFOPLIST_FILE = "Chat Family/Info.plist";
				INFOPLIST_KEY_UIApplicationSupportsIndirectInputEvents = YES;
				INFOPLIST_KEY_UILaunchStoryboardName = LaunchScreen;
				INFOPLIST_KEY_UIMainStoryboardFile = Main;
				INFOPLIST_KEY_UISupportedInterfaceOrientations = UIInterfaceOrientationPortrait;
				INFOPLIST_KEY_UISupportedInterfaceOrientations_iPad = "UIInterfaceOrientationPortrait UIInterfaceOrientationPortraitUpsideDown UIInterfaceOrientationLandscapeLeft UIInterfaceOrientationLandscapeRight";
				INFOPLIST_KEY_UISupportedInterfaceOrientations_iPhone = "UIInterfaceOrientationPortrait UIInterfaceOrientationLandscapeLeft UIInterfaceOrientationLandscapeRight";
				IPHONEOS_DEPLOYMENT_TARGET = 15.0;
				LD_RUNPATH_SEARCH_PATHS = (
					"$(inherited)",
					"@executable_path/Frameworks",
				);
				MARKETING_VERSION = 1.0;
				PRODUCT_BUNDLE_IDENTIFIER = "com.kaiser.Chat-Family";
				PRODUCT_NAME = "$(TARGET_NAME)";
				SWIFT_EMIT_LOC_STRINGS = YES;
				SWIFT_VERSION = 5.0;
				TARGETED_DEVICE_FAMILY = "1,2";
			};
			name = Release;
		};
/* End XCBuildConfiguration section */

/* Begin XCConfigurationList section */
		417AB0AC27BE324700DA83D3 /* Build configuration list for PBXProject "Chat Family" */ = {
			isa = XCConfigurationList;
			buildConfigurations = (
				417AB0C327BE324800DA83D3 /* Debug */,
				417AB0C427BE324800DA83D3 /* Release */,
			);
			defaultConfigurationIsVisible = 0;
			defaultConfigurationName = Release;
		};
		417AB0C527BE324800DA83D3 /* Build configuration list for PBXNativeTarget "Chat Family" */ = {
			isa = XCConfigurationList;
			buildConfigurations = (
				417AB0C627BE324800DA83D3 /* Debug */,
				417AB0C727BE324800DA83D3 /* Release */,
			);
			defaultConfigurationIsVisible = 0;
			defaultConfigurationName = Release;
		};
/* End XCConfigurationList section */
	};
	rootObject = 417AB0A927BE324700DA83D3 /* Project object */;
}
